dependencies:
- name: ska-tango-util
  repository: https://artefact.skao.int/repository/helm-internal
  version: 0.4.12
- name: ska-tango-base
  repository: https://artefact.skao.int/repository/helm-internal
  version: 0.4.12
- name: ska-mid-dish-simulators
  repository: https://artefact.skao.int/repository/helm-internal
  version: 4.1.0
- name: ska-mid-dish-ds-manager
  repository: https://artefact.skao.int/repository/helm-internal
  version: 2.0.1
digest: sha256:454cc044f43cc16a26f0cdf45eab32337e29c11a9d7232ae2f500f48134b75e0
generated: "2024-10-01T07:08:04.064356401+02:00"
